
Microsoft Visual Studio Solution File, Format Version 12.00
# Visual Studio Version 16
VisualStudioVersion = 16.0.30621.155
MinimumVisualStudioVersion = 10.0.40219.1
Project("{9A19103F-16F7-4668-BE54-9A1E7A4F7556}") = "Core", "Core\Core.csproj", "{5FC640A0-6529-4563-B934-0C8088CEB78C}"
EndProject
Project("{9A19103F-16F7-4668-BE54-9A1E7A4F7556}") = "Entities", "Entities\Entities.csproj", "{2215FE7C-1D77-414E-8E89-F8114D03C2F9}"
EndProject
Project("{9A19103F-16F7-4668-BE54-9A1E7A4F7556}") = "WebApi", "WebApi\WebApi.csproj", "{24C53141-7958-4A14-B3E5-B3C0DC2EC75F}"
EndProject
Project("{9A19103F-16F7-4668-BE54-9A1E7A4F7556}") = "DataAccess", "DataAccess\DataAccess.csproj", "{77C667B1-A612-447B-8CCB-E125D768D714}"
EndProject
Project("{9A19103F-16F7-4668-BE54-9A1E7A4F7556}") = "Business", "Business\Business.csproj", "{3D77DBC2-71BA-4BE2-96AD-32349FB5495B}"
EndProject
Global
	GlobalSection(SolutionConfigurationPlatforms) = preSolution
		Debug|Any CPU = Debug|Any CPU
		Release|Any CPU = Release|Any CPU
	EndGlobalSection
	GlobalSection(ProjectConfigurationPlatforms) = postSolution
		{5FC640A0-6529-4563-B934-0C8088CEB78C}.Debug|Any CPU.ActiveCfg = Debug|Any CPU
		{5FC640A0-6529-4563-B934-0C8088CEB78C}.Debug|Any CPU.Build.0 = Debug|Any CPU
		{5FC640A0-6529-4563-B934-0C8088CEB78C}.Release|Any CPU.ActiveCfg = Release|Any CPU
		{5FC640A0-6529-4563-B934-0C8088CEB78C}.Release|Any CPU.Build.0 = Release|Any CPU
		{2215FE7C-1D77-414E-8E89-F8114D03C2F9}.Debug|Any CPU.ActiveCfg = Debug|Any CPU
		{2215FE7C-1D77-414E-8E89-F8114D03C2F9}.Debug|Any CPU.Build.0 = Debug|Any CPU
		{2215FE7C-1D77-414E-8E89-F8114D03C2F9}.Release|Any CPU.ActiveCfg = Release|Any CPU
		{2215FE7C-1D77-414E-8E89-F8114D03C2F9}.Release|Any CPU.Build.0 = Release|Any CPU
		{24C53141-7958-4A14-B3E5-B3C0DC2EC75F}.Debug|Any CPU.ActiveCfg = Debug|Any CPU
		{24C53141-7958-4A14-B3E5-B3C0DC2EC75F}.Debug|Any CPU.Build.0 = Debug|Any CPU
		{24C53141-7958-4A14-B3E5-B3C0DC2EC75F}.Release|Any CPU.ActiveCfg = Release|Any CPU
		{24C53141-7958-4A14-B3E5-B3C0DC2EC75F}.Release|Any CPU.Build.0 = Release|Any CPU
		{77C667B1-A612-447B-8CCB-E125D768D714}.Debug|Any CPU.ActiveCfg = Debug|Any CPU
		{77C667B1-A612-447B-8CCB-E125D768D714}.Debug|Any CPU.Build.0 = Debug|Any CPU
		{77C667B1-A612-447B-8CCB-E125D768D714}.Release|Any CPU.ActiveCfg = Release|Any CPU
		{77C667B1-A612-447B-8CCB-E125D768D714}.Release|Any CPU.Build.0 = Release|Any CPU
		{3D77DBC2-71BA-4BE2-96AD-32349FB5495B}.Debug|Any CPU.ActiveCfg = Debug|Any CPU
		{3D77DBC2-71BA-4BE2-96AD-32349FB5495B}.Debug|Any CPU.Build.0 = Debug|Any CPU
		{3D77DBC2-71BA-4BE2-96AD-32349FB5495B}.Release|Any CPU.ActiveCfg = Release|Any CPU
		{3D77DBC2-71BA-4BE2-96AD-32349FB5495B}.Release|Any CPU.Build.0 = Release|Any CPU
	EndGlobalSection
	GlobalSection(SolutionProperties) = preSolution
		HideSolutionNode = FALSE
	EndGlobalSection
	GlobalSection(ExtensibilityGlobals) = postSolution
		SolutionGuid = {1490FC15-2940-4DE2-BDD8-F90AE98923AC}
	EndGlobalSection
EndGlobal
